// !$*UTF8*$!
{
	archiveVersion = 1;
	classes = {
	};
	objectVersion = 51;
	objects = {

/* Begin PBXBuildFile section */
		2FFBFF1EB9CA675466B439D5 /* Pods_BookShelf.framework in Frameworks */ = {isa = PBXBuildFile; fileRef = 5505EFD0C1262E01DD05578E /* Pods_BookShelf.framework */; };
		9DD067B3275529EF00156294 /* Authorization.storyboard in Resources */ = {isa = PBXBuildFile; fileRef = 9DD067B2275529EE00156294 /* Authorization.storyboard */; };
		9DD067B727552A3200156294 /* LoginViewModel.swift in Sources */ = {isa = PBXBuildFile; fileRef = 9DD067B627552A3200156294 /* LoginViewModel.swift */; };
		9DD067B927552BD400156294 /* LoginViewController.swift in Sources */ = {isa = PBXBuildFile; fileRef = 9DD067B827552BD400156294 /* LoginViewController.swift */; };
		9DF6EDAF2744139A009C6381 /* AppDelegate.swift in Sources */ = {isa = PBXBuildFile; fileRef = 9DF6EDAE2744139A009C6381 /* AppDelegate.swift */; };
		9DF6EDB82744139D009C6381 /* Assets.xcassets in Resources */ = {isa = PBXBuildFile; fileRef = 9DF6EDB72744139D009C6381 /* Assets.xcassets */; };
		9DF6EDBB2744139D009C6381 /* LaunchScreen.storyboard in Resources */ = {isa = PBXBuildFile; fileRef = 9DF6EDB92744139D009C6381 /* LaunchScreen.storyboard */; };
		9DF799272755470B000F2F8D /* AuthorizationNavigationRoute.swift in Sources */ = {isa = PBXBuildFile; fileRef = 9DF799262755470B000F2F8D /* AuthorizationNavigationRoute.swift */; };
		9DF7992C27554B41000F2F8D /* NavigationController.swift in Sources */ = {isa = PBXBuildFile; fileRef = 9DF7992B27554B41000F2F8D /* NavigationController.swift */; };
		9DF7992F27554BB8000F2F8D /* SignUpViewModel.swift in Sources */ = {isa = PBXBuildFile; fileRef = 9DF7992E27554BB8000F2F8D /* SignUpViewModel.swift */; };
		9DF7993227554E10000F2F8D /* SignUpViewController.swift in Sources */ = {isa = PBXBuildFile; fileRef = 9DF7993127554E10000F2F8D /* SignUpViewController.swift */; };
/* End PBXBuildFile section */

/* Begin PBXFileReference section */
		19D6DBD86CB0ECAD2298060C /* Pods-BookShelf.debug.xcconfig */ = {isa = PBXFileReference; includeInIndex = 1; lastKnownFileType = text.xcconfig; name = "Pods-BookShelf.debug.xcconfig"; path = "Target Support Files/Pods-BookShelf/Pods-BookShelf.debug.xcconfig"; sourceTree = "<group>"; };
		5505EFD0C1262E01DD05578E /* Pods_BookShelf.framework */ = {isa = PBXFileReference; explicitFileType = wrapper.framework; includeInIndex = 0; path = Pods_BookShelf.framework; sourceTree = BUILT_PRODUCTS_DIR; };
		9DD067B2275529EE00156294 /* Authorization.storyboard */ = {isa = PBXFileReference; lastKnownFileType = file.storyboard; path = Authorization.storyboard; sourceTree = "<group>"; };
		9DD067B627552A3200156294 /* LoginViewModel.swift */ = {isa = PBXFileReference; lastKnownFileType = sourcecode.swift; path = LoginViewModel.swift; sourceTree = "<group>"; };
		9DD067B827552BD400156294 /* LoginViewController.swift */ = {isa = PBXFileReference; lastKnownFileType = sourcecode.swift; path = LoginViewController.swift; sourceTree = "<group>"; };
		9DF6EDAB2744139A009C6381 /* BookShelf.app */ = {isa = PBXFileReference; explicitFileType = wrapper.application; includeInIndex = 0; path = BookShelf.app; sourceTree = BUILT_PRODUCTS_DIR; };
		9DF6EDAE2744139A009C6381 /* AppDelegate.swift */ = {isa = PBXFileReference; lastKnownFileType = sourcecode.swift; path = AppDelegate.swift; sourceTree = "<group>"; };
		9DF6EDB72744139D009C6381 /* Assets.xcassets */ = {isa = PBXFileReference; lastKnownFileType = folder.assetcatalog; path = Assets.xcassets; sourceTree = "<group>"; };
		9DF6EDBA2744139D009C6381 /* Base */ = {isa = PBXFileReference; lastKnownFileType = file.storyboard; name = Base; path = Base.lproj/LaunchScreen.storyboard; sourceTree = "<group>"; };
		9DF6EDBC2744139D009C6381 /* Info.plist */ = {isa = PBXFileReference; lastKnownFileType = text.plist.xml; path = Info.plist; sourceTree = "<group>"; };
		9DF799262755470B000F2F8D /* AuthorizationNavigationRoute.swift */ = {isa = PBXFileReference; lastKnownFileType = sourcecode.swift; path = AuthorizationNavigationRoute.swift; sourceTree = "<group>"; };
		9DF7992B27554B41000F2F8D /* NavigationController.swift */ = {isa = PBXFileReference; lastKnownFileType = sourcecode.swift; path = NavigationController.swift; sourceTree = "<group>"; };
		9DF7992E27554BB8000F2F8D /* SignUpViewModel.swift */ = {isa = PBXFileReference; lastKnownFileType = sourcecode.swift; path = SignUpViewModel.swift; sourceTree = "<group>"; };
		9DF7993127554E10000F2F8D /* SignUpViewController.swift */ = {isa = PBXFileReference; lastKnownFileType = sourcecode.swift; path = SignUpViewController.swift; sourceTree = "<group>"; };
		BC084DC5C8319BFEA0C6CBE6 /* Pods-BookShelf.release.xcconfig */ = {isa = PBXFileReference; includeInIndex = 1; lastKnownFileType = text.xcconfig; name = "Pods-BookShelf.release.xcconfig"; path = "Target Support Files/Pods-BookShelf/Pods-BookShelf.release.xcconfig"; sourceTree = "<group>"; };
/* End PBXFileReference section */

/* Begin PBXFrameworksBuildPhase section */
		9DF6EDA82744139A009C6381 /* Frameworks */ = {
			isa = PBXFrameworksBuildPhase;
			buildActionMask = 2147483647;
			files = (
				2FFBFF1EB9CA675466B439D5 /* Pods_BookShelf.framework in Frameworks */,
			);
			runOnlyForDeploymentPostprocessing = 0;
		};
/* End PBXFrameworksBuildPhase section */

/* Begin PBXGroup section */
		94D483B38F7539215220D23B /* Frameworks */ = {
			isa = PBXGroup;
			children = (
				5505EFD0C1262E01DD05578E /* Pods_BookShelf.framework */,
			);
			name = Frameworks;
			sourceTree = "<group>";
		};
		9DD067AF2755239100156294 /* Resources */ = {
			isa = PBXGroup;
			children = (
				9DF6EDAE2744139A009C6381 /* AppDelegate.swift */,
				9DF6EDB72744139D009C6381 /* Assets.xcassets */,
				9DF6EDB92744139D009C6381 /* LaunchScreen.storyboard */,
				9DF6EDBC2744139D009C6381 /* Info.plist */,
			);
			path = Resources;
			sourceTree = "<group>";
		};
		9DD067B02755245C00156294 /* Presentation */ = {
			isa = PBXGroup;
			children = (
				9DF7992927554B18000F2F8D /* ReusableComponents */,
				9DD067B1275529AF00156294 /* Authorization */,
			);
			path = Presentation;
			sourceTree = "<group>";
		};
		9DD067B1275529AF00156294 /* Authorization */ = {
			isa = PBXGroup;
			children = (
				9DD067B527552A1500156294 /* ViewModels */,
				9DD067B427552A0C00156294 /* ViewControllers */,
				9DD067B2275529EE00156294 /* Authorization.storyboard */,
				9DF799262755470B000F2F8D /* AuthorizationNavigationRoute.swift */,
			);
			path = Authorization;
			sourceTree = "<group>";
		};
		9DD067B427552A0C00156294 /* ViewControllers */ = {
			isa = PBXGroup;
			children = (
				9DD067B827552BD400156294 /* LoginViewController.swift */,
				9DF7993127554E10000F2F8D /* SignUpViewController.swift */,
			);
			path = ViewControllers;
			sourceTree = "<group>";
		};
		9DD067B527552A1500156294 /* ViewModels */ = {
			isa = PBXGroup;
			children = (
				9DD067B627552A3200156294 /* LoginViewModel.swift */,
				9DF7992E27554BB8000F2F8D /* SignUpViewModel.swift */,
			);
			path = ViewModels;
			sourceTree = "<group>";
		};
		9DF6EDA22744139A009C6381 = {
			isa = PBXGroup;
			children = (
				9DF6EDAD2744139A009C6381 /* BookShelf */,
				9DF6EDAC2744139A009C6381 /* Products */,
				BE50ECEC866741DCFEDB89DE /* Pods */,
				94D483B38F7539215220D23B /* Frameworks */,
			);
			sourceTree = "<group>";
		};
		9DF6EDAC2744139A009C6381 /* Products */ = {
			isa = PBXGroup;
			children = (
				9DF6EDAB2744139A009C6381 /* BookShelf.app */,
			);
			name = Products;
			sourceTree = "<group>";
		};
		9DF6EDAD2744139A009C6381 /* BookShelf */ = {
			isa = PBXGroup;
			children = (
				9DD067B02755245C00156294 /* Presentation */,
				9DD067AF2755239100156294 /* Resources */,
			);
			path = BookShelf;
			sourceTree = "<group>";
		};
		9DF7992927554B18000F2F8D /* ReusableComponents */ = {
			isa = PBXGroup;
			children = (
				9DF7992A27554B27000F2F8D /* ViewControllers */,
			);
			path = ReusableComponents;
			sourceTree = "<group>";
		};
		9DF7992A27554B27000F2F8D /* ViewControllers */ = {
			isa = PBXGroup;
			children = (
				9DF7992B27554B41000F2F8D /* NavigationController.swift */,
			);
			path = ViewControllers;
			sourceTree = "<group>";
		};
		BE50ECEC866741DCFEDB89DE /* Pods */ = {
			isa = PBXGroup;
			children = (
				19D6DBD86CB0ECAD2298060C /* Pods-BookShelf.debug.xcconfig */,
				BC084DC5C8319BFEA0C6CBE6 /* Pods-BookShelf.release.xcconfig */,
			);
			path = Pods;
			sourceTree = "<group>";
		};
/* End PBXGroup section */

/* Begin PBXNativeTarget section */
		9DF6EDAA2744139A009C6381 /* BookShelf */ = {
			isa = PBXNativeTarget;
			buildConfigurationList = 9DF6EDBF2744139D009C6381 /* Build configuration list for PBXNativeTarget "BookShelf" */;
			buildPhases = (
				02FDD70077B4AA2C41CEA070 /* [CP] Check Pods Manifest.lock */,
				9DF6EDA72744139A009C6381 /* Sources */,
				9DF6EDA82744139A009C6381 /* Frameworks */,
				9DF6EDA92744139A009C6381 /* Resources */,
				8B5DECF3C1020AEB52EDF840 /* [CP] Embed Pods Frameworks */,
			);
			buildRules = (
			);
			dependencies = (
			);
			name = BookShelf;
			productName = BookShelf;
			productReference = 9DF6EDAB2744139A009C6381 /* BookShelf.app */;
			productType = "com.apple.product-type.application";
		};
/* End PBXNativeTarget section */

/* Begin PBXProject section */
		9DF6EDA32744139A009C6381 /* Project object */ = {
			isa = PBXProject;
			attributes = {
				LastSwiftUpdateCheck = 1250;
				LastUpgradeCheck = 1250;
				TargetAttributes = {
					9DF6EDAA2744139A009C6381 = {
						CreatedOnToolsVersion = 12.5.1;
					};
				};
			};
			buildConfigurationList = 9DF6EDA62744139A009C6381 /* Build configuration list for PBXProject "BookShelf" */;
			compatibilityVersion = "Xcode 9.3";
			developmentRegion = en;
			hasScannedForEncodings = 0;
			knownRegions = (
				en,
				Base,
			);
			mainGroup = 9DF6EDA22744139A009C6381;
			productRefGroup = 9DF6EDAC2744139A009C6381 /* Products */;
			projectDirPath = "";
			projectRoot = "";
			targets = (
				9DF6EDAA2744139A009C6381 /* BookShelf */,
			);
		};
/* End PBXProject section */

/* Begin PBXResourcesBuildPhase section */
		9DF6EDA92744139A009C6381 /* Resources */ = {
			isa = PBXResourcesBuildPhase;
			buildActionMask = 2147483647;
			files = (
				9DD067B3275529EF00156294 /* Authorization.storyboard in Resources */,
				9DF6EDBB2744139D009C6381 /* LaunchScreen.storyboard in Resources */,
				9DF6EDB82744139D009C6381 /* Assets.xcassets in Resources */,
			);
			runOnlyForDeploymentPostprocessing = 0;
		};
/* End PBXResourcesBuildPhase section */

/* Begin PBXShellScriptBuildPhase section */
		02FDD70077B4AA2C41CEA070 /* [CP] Check Pods Manifest.lock */ = {
			isa = PBXShellScriptBuildPhase;
			buildActionMask = 2147483647;
			files = (
			);
			inputFileListPaths = (
			);
			inputPaths = (
				"${PODS_PODFILE_DIR_PATH}/Podfile.lock",
				"${PODS_ROOT}/Manifest.lock",
			);
			name = "[CP] Check Pods Manifest.lock";
			outputFileListPaths = (
			);
			outputPaths = (
				"$(DERIVED_FILE_DIR)/Pods-BookShelf-checkManifestLockResult.txt",
			);
			runOnlyForDeploymentPostprocessing = 0;
			shellPath = /bin/sh;
			shellScript = "diff \"${PODS_PODFILE_DIR_PATH}/Podfile.lock\" \"${PODS_ROOT}/Manifest.lock\" > /dev/null\nif [ $? != 0 ] ; then\n    # print error to STDERR\n    echo \"error: The sandbox is not in sync with the Podfile.lock. Run 'pod install' or update your CocoaPods installation.\" >&2\n    exit 1\nfi\n# This output is used by Xcode 'outputs' to avoid re-running this script phase.\necho \"SUCCESS\" > \"${SCRIPT_OUTPUT_FILE_0}\"\n";
			showEnvVarsInLog = 0;
		};
		8B5DECF3C1020AEB52EDF840 /* [CP] Embed Pods Frameworks */ = {
			isa = PBXShellScriptBuildPhase;
			buildActionMask = 2147483647;
			files = (
			);
			inputFileListPaths = (
				"${PODS_ROOT}/Target Support Files/Pods-BookShelf/Pods-BookShelf-frameworks-${CONFIGURATION}-input-files.xcfilelist",
			);
			name = "[CP] Embed Pods Frameworks";
			outputFileListPaths = (
				"${PODS_ROOT}/Target Support Files/Pods-BookShelf/Pods-BookShelf-frameworks-${CONFIGURATION}-output-files.xcfilelist",
			);
			runOnlyForDeploymentPostprocessing = 0;
			shellPath = /bin/sh;
			shellScript = "\"${PODS_ROOT}/Target Support Files/Pods-BookShelf/Pods-BookShelf-frameworks.sh\"\n";
			showEnvVarsInLog = 0;
		};
/* End PBXShellScriptBuildPhase section */

/* Begin PBXSourcesBuildPhase section */
		9DF6EDA72744139A009C6381 /* Sources */ = {
			isa = PBXSourcesBuildPhase;
			buildActionMask = 2147483647;
			files = (
				9DD067B927552BD400156294 /* LoginViewController.swift in Sources */,
				9DF7993227554E10000F2F8D /* SignUpViewController.swift in Sources */,
				9DF799272755470B000F2F8D /* AuthorizationNavigationRoute.swift in Sources */,
				9DF7992C27554B41000F2F8D /* NavigationController.swift in Sources */,
				9DF6EDAF2744139A009C6381 /* AppDelegate.swift in Sources */,
				9DF7992F27554BB8000F2F8D /* SignUpViewModel.swift in Sources */,
				9DD067B727552A3200156294 /* LoginViewModel.swift in Sources */,
			);
			runOnlyForDeploymentPostprocessing = 0;
		};
/* End PBXSourcesBuildPhase section */

/* Begin PBXVariantGroup section */
		9DF6EDB92744139D009C6381 /* LaunchScreen.storyboard */ = {
			isa = PBXVariantGroup;
			children = (
				9DF6EDBA2744139D009C6381 /* Base */,
			);
			name = LaunchScreen.storyboard;
			sourceTree = "<group>";
		};
/* End PBXVariantGroup section */

/* Begin XCBuildConfiguration section */
		9DF6EDBD2744139D009C6381 /* Debug */ = {
			isa = XCBuildConfiguration;
			buildSettings = {
				ALWAYS_SEARCH_USER_PATHS = NO;
				CLANG_ANALYZER_NONNULL = YES;
				CLANG_ANALYZER_NUMBER_OBJECT_CONVERSION = YES_AGGRESSIVE;
				CLANG_CXX_LANGUAGE_STANDARD = "gnu++14";
				CLANG_CXX_LIBRARY = "libc++";
				CLANG_ENABLE_MODULES = YES;
				CLANG_ENABLE_OBJC_ARC = YES;
				CLANG_ENABLE_OBJC_WEAK = YES;
				CLANG_WARN_BLOCK_CAPTURE_AUTORELEASING = YES;
				CLANG_WARN_BOOL_CONVERSION = YES;
				CLANG_WARN_COMMA = YES;
				CLANG_WARN_CONSTANT_CONVERSION = YES;
				CLANG_WARN_DEPRECATED_OBJC_IMPLEMENTATIONS = YES;
				CLANG_WARN_DIRECT_OBJC_ISA_USAGE = YES_ERROR;
				CLANG_WARN_DOCUMENTATION_COMMENTS = YES;
				CLANG_WARN_EMPTY_BODY = YES;
				CLANG_WARN_ENUM_CONVERSION = YES;
				CLANG_WARN_INFINITE_RECURSION = YES;
				CLANG_WARN_INT_CONVERSION = YES;
				CLANG_WARN_NON_LITERAL_NULL_CONVERSION = YES;
				CLANG_WARN_OBJC_IMPLICIT_RETAIN_SELF = YES;
				CLANG_WARN_OBJC_LITERAL_CONVERSION = YES;
				CLANG_WARN_OBJC_ROOT_CLASS = YES_ERROR;
				CLANG_WARN_QUOTED_INCLUDE_IN_FRAMEWORK_HEADER = YES;
				CLANG_WARN_RANGE_LOOP_ANALYSIS = YES;
				CLANG_WARN_STRICT_PROTOTYPES = YES;
				CLANG_WARN_SUSPICIOUS_MOVE = YES;
				CLANG_WARN_UNGUARDED_AVAILABILITY = YES_AGGRESSIVE;
				CLANG_WARN_UNREACHABLE_CODE = YES;
				CLANG_WARN__DUPLICATE_METHOD_MATCH = YES;
				COPY_PHASE_STRIP = NO;
				DEBUG_INFORMATION_FORMAT = dwarf;
				ENABLE_STRICT_OBJC_MSGSEND = YES;
				ENABLE_TESTABILITY = YES;
				GCC_C_LANGUAGE_STANDARD = gnu11;
				GCC_DYNAMIC_NO_PIC = NO;
				GCC_NO_COMMON_BLOCKS = YES;
				GCC_OPTIMIZATION_LEVEL = 0;
				GCC_PREPROCESSOR_DEFINITIONS = (
					"DEBUG=1",
					"$(inherited)",
				);
				GCC_WARN_64_TO_32_BIT_CONVERSION = YES;
				GCC_WARN_ABOUT_RETURN_TYPE = YES_ERROR;
				GCC_WARN_UNDECLARED_SELECTOR = YES;
				GCC_WARN_UNINITIALIZED_AUTOS = YES_AGGRESSIVE;
				GCC_WARN_UNUSED_FUNCTION = YES;
				GCC_WARN_UNUSED_VARIABLE = YES;
				IPHONEOS_DEPLOYMENT_TARGET = 14.5;
				MTL_ENABLE_DEBUG_INFO = INCLUDE_SOURCE;
				MTL_FAST_MATH = YES;
				ONLY_ACTIVE_ARCH = YES;
				SDKROOT = iphoneos;
				SWIFT_ACTIVE_COMPILATION_CONDITIONS = DEBUG;
				SWIFT_OPTIMIZATION_LEVEL = "-Onone";
			};
			name = Debug;
		};
		9DF6EDBE2744139D009C6381 /* Release */ = {
			isa = XCBuildConfiguration;
			buildSettings = {
				ALWAYS_SEARCH_USER_PATHS = NO;
				CLANG_ANALYZER_NONNULL = YES;
				CLANG_ANALYZER_NUMBER_OBJECT_CONVERSION = YES_AGGRESSIVE;
				CLANG_CXX_LANGUAGE_STANDARD = "gnu++14";
				CLANG_CXX_LIBRARY = "libc++";
				CLANG_ENABLE_MODULES = YES;
				CLANG_ENABLE_OBJC_ARC = YES;
				CLANG_ENABLE_OBJC_WEAK = YES;
				CLANG_WARN_BLOCK_CAPTURE_AUTORELEASING = YES;
				CLANG_WARN_BOOL_CONVERSION = YES;
				CLANG_WARN_COMMA = YES;
				CLANG_WARN_CONSTANT_CONVERSION = YES;
				CLANG_WARN_DEPRECATED_OBJC_IMPLEMENTATIONS = YES;
				CLANG_WARN_DIRECT_OBJC_ISA_USAGE = YES_ERROR;
				CLANG_WARN_DOCUMENTATION_COMMENTS = YES;
				CLANG_WARN_EMPTY_BODY = YES;
				CLANG_WARN_ENUM_CONVERSION = YES;
				CLANG_WARN_INFINITE_RECURSION = YES;
				CLANG_WARN_INT_CONVERSION = YES;
				CLANG_WARN_NON_LITERAL_NULL_CONVERSION = YES;
				CLANG_WARN_OBJC_IMPLICIT_RETAIN_SELF = YES;
				CLANG_WARN_OBJC_LITERAL_CONVERSION = YES;
				CLANG_WARN_OBJC_ROOT_CLASS = YES_ERROR;
				CLANG_WARN_QUOTED_INCLUDE_IN_FRAMEWORK_HEADER = YES;
				CLANG_WARN_RANGE_LOOP_ANALYSIS = YES;
				CLANG_WARN_STRICT_PROTOTYPES = YES;
				CLANG_WARN_SUSPICIOUS_MOVE = YES;
				CLANG_WARN_UNGUARDED_AVAILABILITY = YES_AGGRESSIVE;
				CLANG_WARN_UNREACHABLE_CODE = YES;
				CLANG_WARN__DUPLICATE_METHOD_MATCH = YES;
				COPY_PHASE_STRIP = NO;
				DEBUG_INFORMATION_FORMAT = "dwarf-with-dsym";
				ENABLE_NS_ASSERTIONS = NO;
				ENABLE_STRICT_OBJC_MSGSEND = YES;
				GCC_C_LANGUAGE_STANDARD = gnu11;
				GCC_NO_COMMON_BLOCKS = YES;
				GCC_WARN_64_TO_32_BIT_CONVERSION = YES;
				GCC_WARN_ABOUT_RETURN_TYPE = YES_ERROR;
				GCC_WARN_UNDECLARED_SELECTOR = YES;
				GCC_WARN_UNINITIALIZED_AUTOS = YES_AGGRESSIVE;
				GCC_WARN_UNUSED_FUNCTION = YES;
				GCC_WARN_UNUSED_VARIABLE = YES;
				IPHONEOS_DEPLOYMENT_TARGET = 14.5;
				MTL_ENABLE_DEBUG_INFO = NO;
				MTL_FAST_MATH = YES;
				SDKROOT = iphoneos;
				SWIFT_COMPILATION_MODE = wholemodule;
				SWIFT_OPTIMIZATION_LEVEL = "-O";
				VALIDATE_PRODUCT = YES;
			};
			name = Release;
		};
		9DF6EDC02744139D009C6381 /* Debug */ = {
			isa = XCBuildConfiguration;
			baseConfigurationReference = 19D6DBD86CB0ECAD2298060C /* Pods-BookShelf.debug.xcconfig */;
			buildSettings = {
				ASSETCATALOG_COMPILER_APPICON_NAME = AppIcon;
				ASSETCATALOG_COMPILER_GLOBAL_ACCENT_COLOR_NAME = AccentColor;
				CODE_SIGN_STYLE = Automatic;
				DEVELOPMENT_TEAM = 24X4EL2BCS;
				INFOPLIST_FILE = BookShelf/Resources/Info.plist;
				IPHONEOS_DEPLOYMENT_TARGET = 12.0;
				LD_RUNPATH_SEARCH_PATHS = (
					"$(inherited)",
					"@executable_path/Frameworks",
				);
				PRODUCT_BUNDLE_IDENTIFIER = "dev.tediore-wf.BookShelf";
				PRODUCT_NAME = "$(TARGET_NAME)";
				SWIFT_VERSION = 5.0;
				TARGETED_DEVICE_FAMILY = 1;
			};
			name = Debug;
		};
		9DF6EDC12744139D009C6381 /* Release */ = {
			isa = XCBuildConfiguration;
			baseConfigurationReference = BC084DC5C8319BFEA0C6CBE6 /* Pods-BookShelf.release.xcconfig */;
			buildSettings = {
				ASSETCATALOG_COMPILER_APPICON_NAME = AppIcon;
				ASSETCATALOG_COMPILER_GLOBAL_ACCENT_COLOR_NAME = AccentColor;
				CODE_SIGN_STYLE = Automatic;
				DEVELOPMENT_TEAM = 24X4EL2BCS;
				INFOPLIST_FILE = BookShelf/Resources/Info.plist;
				IPHONEOS_DEPLOYMENT_TARGET = 12.0;
				LD_RUNPATH_SEARCH_PATHS = (
					"$(inherited)",
					"@executable_path/Frameworks",
				);
				PRODUCT_BUNDLE_IDENTIFIER = "dev.tediore-wf.BookShelf";
				PRODUCT_NAME = "$(TARGET_NAME)";
				SWIFT_VERSION = 5.0;
				TARGETED_DEVICE_FAMILY = 1;
			};
			name = Release;
		};
/* End XCBuildConfiguration section */

/* Begin XCConfigurationList section */
		9DF6EDA62744139A009C6381 /* Build configuration list for PBXProject "BookShelf" */ = {
			isa = XCConfigurationList;
			buildConfigurations = (
				9DF6EDBD2744139D009C6381 /* Debug */,
				9DF6EDBE2744139D009C6381 /* Release */,
			);
			defaultConfigurationIsVisible = 0;
			defaultConfigurationName = Release;
		};
		9DF6EDBF2744139D009C6381 /* Build configuration list for PBXNativeTarget "BookShelf" */ = {
			isa = XCConfigurationList;
			buildConfigurations = (
				9DF6EDC02744139D009C6381 /* Debug */,
				9DF6EDC12744139D009C6381 /* Release */,
			);
			defaultConfigurationIsVisible = 0;
			defaultConfigurationName = Release;
		};
/* End XCConfigurationList section */
	};
	rootObject = 9DF6EDA32744139A009C6381 /* Project object */;
}
